
Microsoft Visual Studio Solution File, Format Version 11.00
# Visual Studio 2010
Project("{8BC9CEB8-8B4A-11D0-8D11-00A0C91BC942}") = "Effective_Cplusplus", "Effective_Cplusplus\Effective_Cplusplus.vcxproj", "{A4B20570-D856-4A22-85B3-618A0F7A3226}"
EndProject
Project("{8BC9CEB8-8B4A-11D0-8D11-00A0C91BC942}") = "algorithm", "algorithm\algorithm.vcxproj", "{9746F579-AEFF-4A2C-9094-5DF9EB02E267}"
EndProject
Project("{8BC9CEB8-8B4A-11D0-8D11-00A0C91BC942}") = "Frangipani", "Frangipani\Frangipani.vcxproj", "{1D1D7D8B-DB79-4F50-8842-20E33928C446}"
EndProject
Global
	GlobalSection(SolutionConfigurationPlatforms) = preSolution
		Debug|Win32 = Debug|Win32
		Debug|x64 = Debug|x64
		Release|Win32 = Release|Win32
		Release|x64 = Release|x64
	EndGlobalSection
	GlobalSection(ProjectConfigurationPlatforms) = postSolution
		{A4B20570-D856-4A22-85B3-618A0F7A3226}.Debug|Win32.ActiveCfg = Debug|Win32
		{A4B20570-D856-4A22-85B3-618A0F7A3226}.Debug|Win32.Build.0 = Debug|Win32
		{A4B20570-D856-4A22-85B3-618A0F7A3226}.Debug|x64.ActiveCfg = Debug|Win32
		{A4B20570-D856-4A22-85B3-618A0F7A3226}.Debug|x64.Build.0 = Debug|Win32
		{A4B20570-D856-4A22-85B3-618A0F7A3226}.Release|Win32.ActiveCfg = Release|Win32
		{A4B20570-D856-4A22-85B3-618A0F7A3226}.Release|Win32.Build.0 = Release|Win32
		{A4B20570-D856-4A22-85B3-618A0F7A3226}.Release|x64.ActiveCfg = Release|Win32
		{9746F579-AEFF-4A2C-9094-5DF9EB02E267}.Debug|Win32.ActiveCfg = Debug|Win32
		{9746F579-AEFF-4A2C-9094-5DF9EB02E267}.Debug|Win32.Build.0 = Debug|Win32
		{9746F579-AEFF-4A2C-9094-5DF9EB02E267}.Debug|x64.ActiveCfg = Debug|Win32
		{9746F579-AEFF-4A2C-9094-5DF9EB02E267}.Release|Win32.ActiveCfg = Release|Win32
		{9746F579-AEFF-4A2C-9094-5DF9EB02E267}.Release|Win32.Build.0 = Release|Win32
		{9746F579-AEFF-4A2C-9094-5DF9EB02E267}.Release|x64.ActiveCfg = Release|Win32
		{1D1D7D8B-DB79-4F50-8842-20E33928C446}.Debug|Win32.ActiveCfg = Debug|Win32
		{1D1D7D8B-DB79-4F50-8842-20E33928C446}.Debug|Win32.Build.0 = Debug|Win32
		{1D1D7D8B-DB79-4F50-8842-20E33928C446}.Debug|x64.ActiveCfg = Debug|Win32
		{1D1D7D8B-DB79-4F50-8842-20E33928C446}.Release|Win32.ActiveCfg = Release|Win32
		{1D1D7D8B-DB79-4F50-8842-20E33928C446}.Release|Win32.Build.0 = Release|Win32
		{1D1D7D8B-DB79-4F50-8842-20E33928C446}.Release|x64.ActiveCfg = Release|Win32
	EndGlobalSection
	GlobalSection(SolutionProperties) = preSolution
		HideSolutionNode = FALSE
	EndGlobalSection
EndGlobal
